
Microsoft Visual Studio Solution File, Format Version 12.00
Project("{FAE04EC0-301F-11D3-BF4B-00C04F79EFBC}") = "KafkaFlowGettingStarted", "KafkaFlowGettingStarted\KafkaFlowGettingStarted.csproj", "{882E2FBB-4201-4BBA-88D0-39170AEA9AD6}"
EndProject
Project("{FAE04EC0-301F-11D3-BF4B-00C04F79EFBC}") = "Producer", "Producer\Producer.csproj", "{8203C770-314E-442A-B7E2-C53B5D6F6AAB}"
EndProject
Project("{FAE04EC0-301F-11D3-BF4B-00C04F79EFBC}") = "Consumer", "Consumer\Consumer.csproj", "{6018677B-EEC4-443B-A736-643D0424042E}"
EndProject
Global
	GlobalSection(SolutionConfigurationPlatforms) = preSolution
		Debug|Any CPU = Debug|Any CPU
		Release|Any CPU = Release|Any CPU
	EndGlobalSection
	GlobalSection(ProjectConfigurationPlatforms) = postSolution
		{882E2FBB-4201-4BBA-88D0-39170AEA9AD6}.Debug|Any CPU.ActiveCfg = Debug|Any CPU
		{882E2FBB-4201-4BBA-88D0-39170AEA9AD6}.Debug|Any CPU.Build.0 = Debug|Any CPU
		{882E2FBB-4201-4BBA-88D0-39170AEA9AD6}.Release|Any CPU.ActiveCfg = Release|Any CPU
		{882E2FBB-4201-4BBA-88D0-39170AEA9AD6}.Release|Any CPU.Build.0 = Release|Any CPU
		{8203C770-314E-442A-B7E2-C53B5D6F6AAB}.Debug|Any CPU.ActiveCfg = Debug|Any CPU
		{8203C770-314E-442A-B7E2-C53B5D6F6AAB}.Debug|Any CPU.Build.0 = Debug|Any CPU
		{8203C770-314E-442A-B7E2-C53B5D6F6AAB}.Release|Any CPU.ActiveCfg = Release|Any CPU
		{8203C770-314E-442A-B7E2-C53B5D6F6AAB}.Release|Any CPU.Build.0 = Release|Any CPU
		{6018677B-EEC4-443B-A736-643D0424042E}.Debug|Any CPU.ActiveCfg = Debug|Any CPU
		{6018677B-EEC4-443B-A736-643D0424042E}.Debug|Any CPU.Build.0 = Debug|Any CPU
		{6018677B-EEC4-443B-A736-643D0424042E}.Release|Any CPU.ActiveCfg = Release|Any CPU
		{6018677B-EEC4-443B-A736-643D0424042E}.Release|Any CPU.Build.0 = Release|Any CPU
	EndGlobalSection
EndGlobal
